
Microsoft Visual Studio Solution File, Format Version 12.00
# Visual Studio Version 17
VisualStudioVersion = 17.9.34728.123
MinimumVisualStudioVersion = 10.0.40219.1
Project("{FAE04EC0-301F-11D3-BF4B-00C04F79EFBC}") = "MinApiLivros", "MinApiLivros\MinApiLivros.csproj", "{42816AE5-CE9C-4A05-A031-BD8EA6F35563}"
EndProject
Global
	GlobalSection(SolutionConfigurationPlatforms) = preSolution
		Debug|Any CPU = Debug|Any CPU
		Release|Any CPU = Release|Any CPU
	EndGlobalSection
	GlobalSection(ProjectConfigurationPlatforms) = postSolution
		{42816AE5-CE9C-4A05-A031-BD8EA6F35563}.Debug|Any CPU.ActiveCfg = Debug|Any CPU
		{42816AE5-CE9C-4A05-A031-BD8EA6F35563}.Debug|Any CPU.Build.0 = Debug|Any CPU
		{42816AE5-CE9C-4A05-A031-BD8EA6F35563}.Release|Any CPU.ActiveCfg = Release|Any CPU
		{42816AE5-CE9C-4A05-A031-BD8EA6F35563}.Release|Any CPU.Build.0 = Release|Any CPU
	EndGlobalSection
	GlobalSection(SolutionProperties) = preSolution
		HideSolutionNode = FALSE
	EndGlobalSection
	GlobalSection(ExtensibilityGlobals) = postSolution
		SolutionGuid = {ED0E05B4-A44E-4D7C-B746-4BE652EE42B9}
	EndGlobalSection
EndGlobal
